// !$*UTF8*$!
{
	archiveVersion = 1;
	classes = {
	};
	objectVersion = 55;
	objects = {

/* Begin PBXBuildFile section */
		9F41081028054EDC00C5C95C /* AppDelegate.swift in Sources */ = {isa = PBXBuildFile; fileRef = 9F41080F28054EDC00C5C95C /* AppDelegate.swift */; };
		9F41081228054EDC00C5C95C /* SceneDelegate.swift in Sources */ = {isa = PBXBuildFile; fileRef = 9F41081128054EDC00C5C95C /* SceneDelegate.swift */; };
		9F41081928054EDC00C5C95C /* Assets.xcassets in Resources */ = {isa = PBXBuildFile; fileRef = 9F41081828054EDC00C5C95C /* Assets.xcassets */; };
		9F41081C28054EDC00C5C95C /* LaunchScreen.storyboard in Resources */ = {isa = PBXBuildFile; fileRef = 9F41081A28054EDC00C5C95C /* LaunchScreen.storyboard */; };
		9F41082428054F3300C5C95C /* TabBarController.swift in Sources */ = {isa = PBXBuildFile; fileRef = 9F41082328054F3300C5C95C /* TabBarController.swift */; };
		9F41082628054F6200C5C95C /* FeedViewController.swift in Sources */ = {isa = PBXBuildFile; fileRef = 9F41082528054F6200C5C95C /* FeedViewController.swift */; };
		9F41082828054F8500C5C95C /* PostViewController.swift in Sources */ = {isa = PBXBuildFile; fileRef = 9F41082728054F8500C5C95C /* PostViewController.swift */; };
		9F41082A28054F9C00C5C95C /* InfoViewController.swift in Sources */ = {isa = PBXBuildFile; fileRef = 9F41082928054F9C00C5C95C /* InfoViewController.swift */; };
		9F41082C28054FE500C5C95C /* LogInViewController.swift in Sources */ = {isa = PBXBuildFile; fileRef = 9F41082B28054FE500C5C95C /* LogInViewController.swift */; };
		9F41082F2805503100C5C95C /* GestureViewController.swift in Sources */ = {isa = PBXBuildFile; fileRef = 9F41082E2805503100C5C95C /* GestureViewController.swift */; };
		9F410834280550A500C5C95C /* PhotosTableViewCell.swift in Sources */ = {isa = PBXBuildFile; fileRef = 9F410833280550A500C5C95C /* PhotosTableViewCell.swift */; };
		9F410836280550C100C5C95C /* PhotosCollectionViewCell.swift in Sources */ = {isa = PBXBuildFile; fileRef = 9F410835280550C100C5C95C /* PhotosCollectionViewCell.swift */; };
		9F410838280550DE00C5C95C /* ExpendedCVCell.swift in Sources */ = {isa = PBXBuildFile; fileRef = 9F410837280550DE00C5C95C /* ExpendedCVCell.swift */; };
		9F41083A2805511C00C5C95C /* PhotosStruct.swift in Sources */ = {isa = PBXBuildFile; fileRef = 9F4108392805511C00C5C95C /* PhotosStruct.swift */; };
		9F41083E2805539700C5C95C /* PhotosViewController.swift in Sources */ = {isa = PBXBuildFile; fileRef = 9F41083D2805539700C5C95C /* PhotosViewController.swift */; };
		9F410840280553F200C5C95C /* ProfileViewController.swift in Sources */ = {isa = PBXBuildFile; fileRef = 9F41083F280553F200C5C95C /* ProfileViewController.swift */; };
		9F4108422805540F00C5C95C /* ProfileHeaderView.swift in Sources */ = {isa = PBXBuildFile; fileRef = 9F4108412805540F00C5C95C /* ProfileHeaderView.swift */; };
		9F4108442805542B00C5C95C /* PostTableViewCell.swift in Sources */ = {isa = PBXBuildFile; fileRef = 9F4108432805542B00C5C95C /* PostTableViewCell.swift */; };
		9F4108462805545000C5C95C /* ExtendedPost.swift in Sources */ = {isa = PBXBuildFile; fileRef = 9F4108452805545000C5C95C /* ExtendedPost.swift */; };
		9F4108482805547A00C5C95C /* Model.swift in Sources */ = {isa = PBXBuildFile; fileRef = 9F4108472805547A00C5C95C /* Model.swift */; };
		9F41084A2805549300C5C95C /* UserData.swift in Sources */ = {isa = PBXBuildFile; fileRef = 9F4108492805549300C5C95C /* UserData.swift */; };
/* End PBXBuildFile section */

/* Begin PBXFileReference section */
		9F41080C28054EDC00C5C95C /* Diplom.app */ = {isa = PBXFileReference; explicitFileType = wrapper.application; includeInIndex = 0; path = Diplom.app; sourceTree = BUILT_PRODUCTS_DIR; };
		9F41080F28054EDC00C5C95C /* AppDelegate.swift */ = {isa = PBXFileReference; lastKnownFileType = sourcecode.swift; path = AppDelegate.swift; sourceTree = "<group>"; };
		9F41081128054EDC00C5C95C /* SceneDelegate.swift */ = {isa = PBXFileReference; lastKnownFileType = sourcecode.swift; path = SceneDelegate.swift; sourceTree = "<group>"; };
		9F41081828054EDC00C5C95C /* Assets.xcassets */ = {isa = PBXFileReference; lastKnownFileType = folder.assetcatalog; path = Assets.xcassets; sourceTree = "<group>"; };
		9F41081B28054EDC00C5C95C /* Base */ = {isa = PBXFileReference; lastKnownFileType = file.storyboard; name = Base; path = Base.lproj/LaunchScreen.storyboard; sourceTree = "<group>"; };
		9F41081D28054EDC00C5C95C /* Info.plist */ = {isa = PBXFileReference; lastKnownFileType = text.plist.xml; path = Info.plist; sourceTree = "<group>"; };
		9F41082328054F3300C5C95C /* TabBarController.swift */ = {isa = PBXFileReference; lastKnownFileType = sourcecode.swift; path = TabBarController.swift; sourceTree = "<group>"; };
		9F41082528054F6200C5C95C /* FeedViewController.swift */ = {isa = PBXFileReference; lastKnownFileType = sourcecode.swift; path = FeedViewController.swift; sourceTree = "<group>"; };
		9F41082728054F8500C5C95C /* PostViewController.swift */ = {isa = PBXFileReference; lastKnownFileType = sourcecode.swift; path = PostViewController.swift; sourceTree = "<group>"; };
		9F41082928054F9C00C5C95C /* InfoViewController.swift */ = {isa = PBXFileReference; lastKnownFileType = sourcecode.swift; path = InfoViewController.swift; sourceTree = "<group>"; };
		9F41082B28054FE500C5C95C /* LogInViewController.swift */ = {isa = PBXFileReference; lastKnownFileType = sourcecode.swift; path = LogInViewController.swift; sourceTree = "<group>"; };
		9F41082E2805503100C5C95C /* GestureViewController.swift */ = {isa = PBXFileReference; lastKnownFileType = sourcecode.swift; path = GestureViewController.swift; sourceTree = "<group>"; };
		9F410833280550A500C5C95C /* PhotosTableViewCell.swift */ = {isa = PBXFileReference; lastKnownFileType = sourcecode.swift; path = PhotosTableViewCell.swift; sourceTree = "<group>"; };
		9F410835280550C100C5C95C /* PhotosCollectionViewCell.swift */ = {isa = PBXFileReference; lastKnownFileType = sourcecode.swift; path = PhotosCollectionViewCell.swift; sourceTree = "<group>"; };
		9F410837280550DE00C5C95C /* ExpendedCVCell.swift */ = {isa = PBXFileReference; lastKnownFileType = sourcecode.swift; path = ExpendedCVCell.swift; sourceTree = "<group>"; };
		9F4108392805511C00C5C95C /* PhotosStruct.swift */ = {isa = PBXFileReference; lastKnownFileType = sourcecode.swift; path = PhotosStruct.swift; sourceTree = "<group>"; };
		9F41083D2805539700C5C95C /* PhotosViewController.swift */ = {isa = PBXFileReference; lastKnownFileType = sourcecode.swift; path = PhotosViewController.swift; sourceTree = "<group>"; };
		9F41083F280553F200C5C95C /* ProfileViewController.swift */ = {isa = PBXFileReference; lastKnownFileType = sourcecode.swift; path = ProfileViewController.swift; sourceTree = "<group>"; };
		9F4108412805540F00C5C95C /* ProfileHeaderView.swift */ = {isa = PBXFileReference; lastKnownFileType = sourcecode.swift; path = ProfileHeaderView.swift; sourceTree = "<group>"; };
		9F4108432805542B00C5C95C /* PostTableViewCell.swift */ = {isa = PBXFileReference; lastKnownFileType = sourcecode.swift; path = PostTableViewCell.swift; sourceTree = "<group>"; };
		9F4108452805545000C5C95C /* ExtendedPost.swift */ = {isa = PBXFileReference; lastKnownFileType = sourcecode.swift; path = ExtendedPost.swift; sourceTree = "<group>"; };
		9F4108472805547A00C5C95C /* Model.swift */ = {isa = PBXFileReference; lastKnownFileType = sourcecode.swift; path = Model.swift; sourceTree = "<group>"; };
		9F4108492805549300C5C95C /* UserData.swift */ = {isa = PBXFileReference; lastKnownFileType = sourcecode.swift; path = UserData.swift; sourceTree = "<group>"; };
/* End PBXFileReference section */

/* Begin PBXFrameworksBuildPhase section */
		9F41080928054EDC00C5C95C /* Frameworks */ = {
			isa = PBXFrameworksBuildPhase;
			buildActionMask = 2147483647;
			files = (
			);
			runOnlyForDeploymentPostprocessing = 0;
		};
/* End PBXFrameworksBuildPhase section */

/* Begin PBXGroup section */
		9F41080328054EDB00C5C95C = {
			isa = PBXGroup;
			children = (
				9F41080E28054EDC00C5C95C /* Diplom */,
				9F41080D28054EDC00C5C95C /* Products */,
			);
			sourceTree = "<group>";
		};
		9F41080D28054EDC00C5C95C /* Products */ = {
			isa = PBXGroup;
			children = (
				9F41080C28054EDC00C5C95C /* Diplom.app */,
			);
			name = Products;
			sourceTree = "<group>";
		};
		9F41080E28054EDC00C5C95C /* Diplom */ = {
			isa = PBXGroup;
			children = (
				9F41082328054F3300C5C95C /* TabBarController.swift */,
				9F41082528054F6200C5C95C /* FeedViewController.swift */,
				9F41082728054F8500C5C95C /* PostViewController.swift */,
				9F41082928054F9C00C5C95C /* InfoViewController.swift */,
				9F41082B28054FE500C5C95C /* LogInViewController.swift */,
				9F41082D2805501800C5C95C /* Gesture-HW */,
				9F41083B280552FE00C5C95C /*  PhotoGallery */,
				9F4108302805504E00C5C95C /* Profile */,
				9F41081A28054EDC00C5C95C /* LaunchScreen.storyboard */,
				9F41081828054EDC00C5C95C /* Assets.xcassets */,
				9F41081D28054EDC00C5C95C /* Info.plist */,
				9F41080F28054EDC00C5C95C /* AppDelegate.swift */,
				9F41081128054EDC00C5C95C /* SceneDelegate.swift */,
			);
			path = Diplom;
			sourceTree = "<group>";
		};
		9F41082D2805501800C5C95C /* Gesture-HW */ = {
			isa = PBXGroup;
			children = (
				9F41082E2805503100C5C95C /* GestureViewController.swift */,
			);
			path = "Gesture-HW";
			sourceTree = "<group>";
		};
		9F4108302805504E00C5C95C /* Profile */ = {
			isa = PBXGroup;
			children = (
				9F41083F280553F200C5C95C /* ProfileViewController.swift */,
				9F4108412805540F00C5C95C /* ProfileHeaderView.swift */,
				9F4108432805542B00C5C95C /* PostTableViewCell.swift */,
				9F4108452805545000C5C95C /* ExtendedPost.swift */,
				9F4108472805547A00C5C95C /* Model.swift */,
				9F4108492805549300C5C95C /* UserData.swift */,
			);
			path = Profile;
			sourceTree = "<group>";
		};
		9F41083B280552FE00C5C95C /*  PhotoGallery */ = {
			isa = PBXGroup;
			children = (
				9F410835280550C100C5C95C /* PhotosCollectionViewCell.swift */,
				9F4108392805511C00C5C95C /* PhotosStruct.swift */,
				9F410837280550DE00C5C95C /* ExpendedCVCell.swift */,
				9F410833280550A500C5C95C /* PhotosTableViewCell.swift */,
				9F41083D2805539700C5C95C /* PhotosViewController.swift */,
			);
			path = " PhotoGallery";
			sourceTree = "<group>";
		};
/* End PBXGroup section */

/* Begin PBXNativeTarget section */
		9F41080B28054EDC00C5C95C /* Diplom */ = {
			isa = PBXNativeTarget;
			buildConfigurationList = 9F41082028054EDC00C5C95C /* Build configuration list for PBXNativeTarget "Diplom" */;
			buildPhases = (
				9F41080828054EDC00C5C95C /* Sources */,
				9F41080928054EDC00C5C95C /* Frameworks */,
				9F41080A28054EDC00C5C95C /* Resources */,
			);
			buildRules = (
			);
			dependencies = (
			);
			name = Diplom;
			productName = Diplom;
			productReference = 9F41080C28054EDC00C5C95C /* Diplom.app */;
			productType = "com.apple.product-type.application";
		};
/* End PBXNativeTarget section */

/* Begin PBXProject section */
		9F41080428054EDB00C5C95C /* Project object */ = {
			isa = PBXProject;
			attributes = {
				BuildIndependentTargetsInParallel = 1;
				LastSwiftUpdateCheck = 1320;
				LastUpgradeCheck = 1320;
				TargetAttributes = {
					9F41080B28054EDC00C5C95C = {
						CreatedOnToolsVersion = 13.2.1;
					};
				};
			};
			buildConfigurationList = 9F41080728054EDB00C5C95C /* Build configuration list for PBXProject "Diplom" */;
			compatibilityVersion = "Xcode 13.0";
			developmentRegion = en;
			hasScannedForEncodings = 0;
			knownRegions = (
				en,
				Base,
			);
			mainGroup = 9F41080328054EDB00C5C95C;
			productRefGroup = 9F41080D28054EDC00C5C95C /* Products */;
			projectDirPath = "";
			projectRoot = "";
			targets = (
				9F41080B28054EDC00C5C95C /* Diplom */,
			);
		};
/* End PBXProject section */

/* Begin PBXResourcesBuildPhase section */
		9F41080A28054EDC00C5C95C /* Resources */ = {
			isa = PBXResourcesBuildPhase;
			buildActionMask = 2147483647;
			files = (
				9F41081C28054EDC00C5C95C /* LaunchScreen.storyboard in Resources */,
				9F41081928054EDC00C5C95C /* Assets.xcassets in Resources */,
			);
			runOnlyForDeploymentPostprocessing = 0;
		};
/* End PBXResourcesBuildPhase section */

/* Begin PBXSourcesBuildPhase section */
		9F41080828054EDC00C5C95C /* Sources */ = {
			isa = PBXSourcesBuildPhase;
			buildActionMask = 2147483647;
			files = (
				9F410834280550A500C5C95C /* PhotosTableViewCell.swift in Sources */,
				9F41083E2805539700C5C95C /* PhotosViewController.swift in Sources */,
				9F41082428054F3300C5C95C /* TabBarController.swift in Sources */,
				9F41084A2805549300C5C95C /* UserData.swift in Sources */,
				9F41081028054EDC00C5C95C /* AppDelegate.swift in Sources */,
				9F410840280553F200C5C95C /* ProfileViewController.swift in Sources */,
				9F41082628054F6200C5C95C /* FeedViewController.swift in Sources */,
				9F41082C28054FE500C5C95C /* LogInViewController.swift in Sources */,
				9F4108422805540F00C5C95C /* ProfileHeaderView.swift in Sources */,
				9F410838280550DE00C5C95C /* ExpendedCVCell.swift in Sources */,
				9F4108482805547A00C5C95C /* Model.swift in Sources */,
				9F41082F2805503100C5C95C /* GestureViewController.swift in Sources */,
				9F4108462805545000C5C95C /* ExtendedPost.swift in Sources */,
				9F41081228054EDC00C5C95C /* SceneDelegate.swift in Sources */,
				9F4108442805542B00C5C95C /* PostTableViewCell.swift in Sources */,
				9F41082A28054F9C00C5C95C /* InfoViewController.swift in Sources */,
				9F41082828054F8500C5C95C /* PostViewController.swift in Sources */,
				9F410836280550C100C5C95C /* PhotosCollectionViewCell.swift in Sources */,
				9F41083A2805511C00C5C95C /* PhotosStruct.swift in Sources */,
			);
			runOnlyForDeploymentPostprocessing = 0;
		};
/* End PBXSourcesBuildPhase section */

/* Begin PBXVariantGroup section */
		9F41081A28054EDC00C5C95C /* LaunchScreen.storyboard */ = {
			isa = PBXVariantGroup;
			children = (
				9F41081B28054EDC00C5C95C /* Base */,
			);
			name = LaunchScreen.storyboard;
			sourceTree = "<group>";
		};
/* End PBXVariantGroup section */

/* Begin XCBuildConfiguration section */
		9F41081E28054EDC00C5C95C /* Debug */ = {
			isa = XCBuildConfiguration;
			buildSettings = {
				ALWAYS_SEARCH_USER_PATHS = NO;
				CLANG_ANALYZER_NONNULL = YES;
				CLANG_ANALYZER_NUMBER_OBJECT_CONVERSION = YES_AGGRESSIVE;
				CLANG_CXX_LANGUAGE_STANDARD = "gnu++17";
				CLANG_CXX_LIBRARY = "libc++";
				CLANG_ENABLE_MODULES = YES;
				CLANG_ENABLE_OBJC_ARC = YES;
				CLANG_ENABLE_OBJC_WEAK = YES;
				CLANG_WARN_BLOCK_CAPTURE_AUTORELEASING = YES;
				CLANG_WARN_BOOL_CONVERSION = YES;
				CLANG_WARN_COMMA = YES;
				CLANG_WARN_CONSTANT_CONVERSION = YES;
				CLANG_WARN_DEPRECATED_OBJC_IMPLEMENTATIONS = YES;
				CLANG_WARN_DIRECT_OBJC_ISA_USAGE = YES_ERROR;
				CLANG_WARN_DOCUMENTATION_COMMENTS = YES;
				CLANG_WARN_EMPTY_BODY = YES;
				CLANG_WARN_ENUM_CONVERSION = YES;
				CLANG_WARN_INFINITE_RECURSION = YES;
				CLANG_WARN_INT_CONVERSION = YES;
				CLANG_WARN_NON_LITERAL_NULL_CONVERSION = YES;
				CLANG_WARN_OBJC_IMPLICIT_RETAIN_SELF = YES;
				CLANG_WARN_OBJC_LITERAL_CONVERSION = YES;
				CLANG_WARN_OBJC_ROOT_CLASS = YES_ERROR;
				CLANG_WARN_QUOTED_INCLUDE_IN_FRAMEWORK_HEADER = YES;
				CLANG_WARN_RANGE_LOOP_ANALYSIS = YES;
				CLANG_WARN_STRICT_PROTOTYPES = YES;
				CLANG_WARN_SUSPICIOUS_MOVE = YES;
				CLANG_WARN_UNGUARDED_AVAILABILITY = YES_AGGRESSIVE;
				CLANG_WARN_UNREACHABLE_CODE = YES;
				CLANG_WARN__DUPLICATE_METHOD_MATCH = YES;
				COPY_PHASE_STRIP = NO;
				DEBUG_INFORMATION_FORMAT = dwarf;
				ENABLE_STRICT_OBJC_MSGSEND = YES;
				ENABLE_TESTABILITY = YES;
				GCC_C_LANGUAGE_STANDARD = gnu11;
				GCC_DYNAMIC_NO_PIC = NO;
				GCC_NO_COMMON_BLOCKS = YES;
				GCC_OPTIMIZATION_LEVEL = 0;
				GCC_PREPROCESSOR_DEFINITIONS = (
					"DEBUG=1",
					"$(inherited)",
				);
				GCC_WARN_64_TO_32_BIT_CONVERSION = YES;
				GCC_WARN_ABOUT_RETURN_TYPE = YES_ERROR;
				GCC_WARN_UNDECLARED_SELECTOR = YES;
				GCC_WARN_UNINITIALIZED_AUTOS = YES_AGGRESSIVE;
				GCC_WARN_UNUSED_FUNCTION = YES;
				GCC_WARN_UNUSED_VARIABLE = YES;
				IPHONEOS_DEPLOYMENT_TARGET = 15.2;
				MTL_ENABLE_DEBUG_INFO = INCLUDE_SOURCE;
				MTL_FAST_MATH = YES;
				ONLY_ACTIVE_ARCH = YES;
				SDKROOT = iphoneos;
				SWIFT_ACTIVE_COMPILATION_CONDITIONS = DEBUG;
				SWIFT_OPTIMIZATION_LEVEL = "-Onone";
			};
			name = Debug;
		};
		9F41081F28054EDC00C5C95C /* Release */ = {
			isa = XCBuildConfiguration;
			buildSettings = {
				ALWAYS_SEARCH_USER_PATHS = NO;
				CLANG_ANALYZER_NONNULL = YES;
				CLANG_ANALYZER_NUMBER_OBJECT_CONVERSION = YES_AGGRESSIVE;
				CLANG_CXX_LANGUAGE_STANDARD = "gnu++17";
				CLANG_CXX_LIBRARY = "libc++";
				CLANG_ENABLE_MODULES = YES;
				CLANG_ENABLE_OBJC_ARC = YES;
				CLANG_ENABLE_OBJC_WEAK = YES;
				CLANG_WARN_BLOCK_CAPTURE_AUTORELEASING = YES;
				CLANG_WARN_BOOL_CONVERSION = YES;
				CLANG_WARN_COMMA = YES;
				CLANG_WARN_CONSTANT_CONVERSION = YES;
				CLANG_WARN_DEPRECATED_OBJC_IMPLEMENTATIONS = YES;
				CLANG_WARN_DIRECT_OBJC_ISA_USAGE = YES_ERROR;
				CLANG_WARN_DOCUMENTATION_COMMENTS = YES;
				CLANG_WARN_EMPTY_BODY = YES;
				CLANG_WARN_ENUM_CONVERSION = YES;
				CLANG_WARN_INFINITE_RECURSION = YES;
				CLANG_WARN_INT_CONVERSION = YES;
				CLANG_WARN_NON_LITERAL_NULL_CONVERSION = YES;
				CLANG_WARN_OBJC_IMPLICIT_RETAIN_SELF = YES;
				CLANG_WARN_OBJC_LITERAL_CONVERSION = YES;
				CLANG_WARN_OBJC_ROOT_CLASS = YES_ERROR;
				CLANG_WARN_QUOTED_INCLUDE_IN_FRAMEWORK_HEADER = YES;
				CLANG_WARN_RANGE_LOOP_ANALYSIS = YES;
				CLANG_WARN_STRICT_PROTOTYPES = YES;
				CLANG_WARN_SUSPICIOUS_MOVE = YES;
				CLANG_WARN_UNGUARDED_AVAILABILITY = YES_AGGRESSIVE;
				CLANG_WARN_UNREACHABLE_CODE = YES;
				CLANG_WARN__DUPLICATE_METHOD_MATCH = YES;
				COPY_PHASE_STRIP = NO;
				DEBUG_INFORMATION_FORMAT = "dwarf-with-dsym";
				ENABLE_NS_ASSERTIONS = NO;
				ENABLE_STRICT_OBJC_MSGSEND = YES;
				GCC_C_LANGUAGE_STANDARD = gnu11;
				GCC_NO_COMMON_BLOCKS = YES;
				GCC_WARN_64_TO_32_BIT_CONVERSION = YES;
				GCC_WARN_ABOUT_RETURN_TYPE = YES_ERROR;
				GCC_WARN_UNDECLARED_SELECTOR = YES;
				GCC_WARN_UNINITIALIZED_AUTOS = YES_AGGRESSIVE;
				GCC_WARN_UNUSED_FUNCTION = YES;
				GCC_WARN_UNUSED_VARIABLE = YES;
				IPHONEOS_DEPLOYMENT_TARGET = 15.2;
				MTL_ENABLE_DEBUG_INFO = NO;
				MTL_FAST_MATH = YES;
				SDKROOT = iphoneos;
				SWIFT_COMPILATION_MODE = wholemodule;
				SWIFT_OPTIMIZATION_LEVEL = "-O";
				VALIDATE_PRODUCT = YES;
			};
			name = Release;
		};
		9F41082128054EDC00C5C95C /* Debug */ = {
			isa = XCBuildConfiguration;
			buildSettings = {
				ASSETCATALOG_COMPILER_APPICON_NAME = AppIcon;
				ASSETCATALOG_COMPILER_GLOBAL_ACCENT_COLOR_NAME = AccentColor;
				CODE_SIGN_STYLE = Automatic;
				CURRENT_PROJECT_VERSION = 1;
				DEVELOPMENT_TEAM = HWK86XZU39;
				GENERATE_INFOPLIST_FILE = YES;
				INFOPLIST_FILE = Diplom/Info.plist;
				INFOPLIST_KEY_UIApplicationSupportsIndirectInputEvents = YES;
				INFOPLIST_KEY_UILaunchStoryboardName = LaunchScreen;
				INFOPLIST_KEY_UISupportedInterfaceOrientations = UIInterfaceOrientationPortrait;
				INFOPLIST_KEY_UISupportedInterfaceOrientations_iPad = "UIInterfaceOrientationPortrait UIInterfaceOrientationPortraitUpsideDown UIInterfaceOrientationLandscapeLeft UIInterfaceOrientationLandscapeRight";
				INFOPLIST_KEY_UISupportedInterfaceOrientations_iPhone = "UIInterfaceOrientationPortrait UIInterfaceOrientationLandscapeLeft UIInterfaceOrientationLandscapeRight";
				LD_RUNPATH_SEARCH_PATHS = (
					"$(inherited)",
					"@executable_path/Frameworks",
				);
				MARKETING_VERSION = 1.0;
				PRODUCT_BUNDLE_IDENTIFIER = ru.filippova.Diplom;
				PRODUCT_NAME = "$(TARGET_NAME)";
				SWIFT_EMIT_LOC_STRINGS = YES;
				SWIFT_VERSION = 5.0;
				TARGETED_DEVICE_FAMILY = 1;
			};
			name = Debug;
		};
		9F41082228054EDC00C5C95C /* Release */ = {
			isa = XCBuildConfiguration;
			buildSettings = {
				ASSETCATALOG_COMPILER_APPICON_NAME = AppIcon;
				ASSETCATALOG_COMPILER_GLOBAL_ACCENT_COLOR_NAME = AccentColor;
				CODE_SIGN_STYLE = Automatic;
				CURRENT_PROJECT_VERSION = 1;
				DEVELOPMENT_TEAM = HWK86XZU39;
				GENERATE_INFOPLIST_FILE = YES;
				INFOPLIST_FILE = Diplom/Info.plist;
				INFOPLIST_KEY_UIApplicationSupportsIndirectInputEvents = YES;
				INFOPLIST_KEY_UILaunchStoryboardName = LaunchScreen;
				INFOPLIST_KEY_UISupportedInterfaceOrientations = UIInterfaceOrientationPortrait;
				INFOPLIST_KEY_UISupportedInterfaceOrientations_iPad = "UIInterfaceOrientationPortrait UIInterfaceOrientationPortraitUpsideDown UIInterfaceOrientationLandscapeLeft UIInterfaceOrientationLandscapeRight";
				INFOPLIST_KEY_UISupportedInterfaceOrientations_iPhone = "UIInterfaceOrientationPortrait UIInterfaceOrientationLandscapeLeft UIInterfaceOrientationLandscapeRight";
				LD_RUNPATH_SEARCH_PATHS = (
					"$(inherited)",
					"@executable_path/Frameworks",
				);
				MARKETING_VERSION = 1.0;
				PRODUCT_BUNDLE_IDENTIFIER = ru.filippova.Diplom;
				PRODUCT_NAME = "$(TARGET_NAME)";
				SWIFT_EMIT_LOC_STRINGS = YES;
				SWIFT_VERSION = 5.0;
				TARGETED_DEVICE_FAMILY = 1;
			};
			name = Release;
		};
/* End XCBuildConfiguration section */

/* Begin XCConfigurationList section */
		9F41080728054EDB00C5C95C /* Build configuration list for PBXProject "Diplom" */ = {
			isa = XCConfigurationList;
			buildConfigurations = (
				9F41081E28054EDC00C5C95C /* Debug */,
				9F41081F28054EDC00C5C95C /* Release */,
			);
			defaultConfigurationIsVisible = 0;
			defaultConfigurationName = Release;
		};
		9F41082028054EDC00C5C95C /* Build configuration list for PBXNativeTarget "Diplom" */ = {
			isa = XCConfigurationList;
			buildConfigurations = (
				9F41082128054EDC00C5C95C /* Debug */,
				9F41082228054EDC00C5C95C /* Release */,
			);
			defaultConfigurationIsVisible = 0;
			defaultConfigurationName = Release;
		};
/* End XCConfigurationList section */
	};
	rootObject = 9F41080428054EDB00C5C95C /* Project object */;
}
